// !$*UTF8*$!
{
	archiveVersion = 1;
	classes = {
	};
	objectVersion = 50;
	objects = {

/* Begin PBXBuildFile section */
		318165D922004A8800FC79D9 /* AppDelegate.swift in Sources */ = {isa = PBXBuildFile; fileRef = 318165D822004A8800FC79D9 /* AppDelegate.swift */; };
		318165DB22004A8800FC79D9 /* ViewController.swift in Sources */ = {isa = PBXBuildFile; fileRef = 318165DA22004A8800FC79D9 /* ViewController.swift */; };
		318165DE22004A8800FC79D9 /* Main.storyboard in Resources */ = {isa = PBXBuildFile; fileRef = 318165DC22004A8800FC79D9 /* Main.storyboard */; };
		318165E022004A8A00FC79D9 /* Assets.xcassets in Resources */ = {isa = PBXBuildFile; fileRef = 318165DF22004A8A00FC79D9 /* Assets.xcassets */; };
		318165E322004A8A00FC79D9 /* LaunchScreen.storyboard in Resources */ = {isa = PBXBuildFile; fileRef = 318165E122004A8A00FC79D9 /* LaunchScreen.storyboard */; };
		318165EC22004DB700FC79D9 /* UserPost.swift in Sources */ = {isa = PBXBuildFile; fileRef = 318165EB22004DB700FC79D9 /* UserPost.swift */; };
		318165EE22004F0D00FC79D9 /* PostParser.swift in Sources */ = {isa = PBXBuildFile; fileRef = 318165ED22004F0D00FC79D9 /* PostParser.swift */; };
		318165F222007ACA00FC79D9 /* DetailViewController.swift in Sources */ = {isa = PBXBuildFile; fileRef = 318165F122007ACA00FC79D9 /* DetailViewController.swift */; };
/* End PBXBuildFile section */

/* Begin PBXFileReference section */
		318165D522004A8800FC79D9 /* RestDemo.app */ = {isa = PBXFileReference; explicitFileType = wrapper.application; includeInIndex = 0; path = RestDemo.app; sourceTree = BUILT_PRODUCTS_DIR; };
		318165D822004A8800FC79D9 /* AppDelegate.swift */ = {isa = PBXFileReference; lastKnownFileType = sourcecode.swift; path = AppDelegate.swift; sourceTree = "<group>"; };
		318165DA22004A8800FC79D9 /* ViewController.swift */ = {isa = PBXFileReference; lastKnownFileType = sourcecode.swift; path = ViewController.swift; sourceTree = "<group>"; };
		318165DD22004A8800FC79D9 /* Base */ = {isa = PBXFileReference; lastKnownFileType = file.storyboard; name = Base; path = Base.lproj/Main.storyboard; sourceTree = "<group>"; };
		318165DF22004A8A00FC79D9 /* Assets.xcassets */ = {isa = PBXFileReference; lastKnownFileType = folder.assetcatalog; path = Assets.xcassets; sourceTree = "<group>"; };
		318165E222004A8A00FC79D9 /* Base */ = {isa = PBXFileReference; lastKnownFileType = file.storyboard; name = Base; path = Base.lproj/LaunchScreen.storyboard; sourceTree = "<group>"; };
		318165E422004A8A00FC79D9 /* Info.plist */ = {isa = PBXFileReference; lastKnownFileType = text.plist.xml; path = Info.plist; sourceTree = "<group>"; };
		318165EB22004DB700FC79D9 /* UserPost.swift */ = {isa = PBXFileReference; lastKnownFileType = sourcecode.swift; path = UserPost.swift; sourceTree = "<group>"; };
		318165ED22004F0D00FC79D9 /* PostParser.swift */ = {isa = PBXFileReference; lastKnownFileType = sourcecode.swift; path = PostParser.swift; sourceTree = "<group>"; };
		318165F122007ACA00FC79D9 /* DetailViewController.swift */ = {isa = PBXFileReference; lastKnownFileType = sourcecode.swift; path = DetailViewController.swift; sourceTree = "<group>"; };
/* End PBXFileReference section */

/* Begin PBXFrameworksBuildPhase section */
		318165D222004A8800FC79D9 /* Frameworks */ = {
			isa = PBXFrameworksBuildPhase;
			buildActionMask = 2147483647;
			files = (
			);
			runOnlyForDeploymentPostprocessing = 0;
		};
/* End PBXFrameworksBuildPhase section */

/* Begin PBXGroup section */
		318165CC22004A8800FC79D9 = {
			isa = PBXGroup;
			children = (
				318165D722004A8800FC79D9 /* RestDemo */,
				318165D622004A8800FC79D9 /* Products */,
			);
			sourceTree = "<group>";
		};
		318165D622004A8800FC79D9 /* Products */ = {
			isa = PBXGroup;
			children = (
				318165D522004A8800FC79D9 /* RestDemo.app */,
			);
			name = Products;
			sourceTree = "<group>";
		};
		318165D722004A8800FC79D9 /* RestDemo */ = {
			isa = PBXGroup;
			children = (
				318165F022007A9700FC79D9 /* controllers */,
				318165EA22004D7F00FC79D9 /* model */,
				318165D822004A8800FC79D9 /* AppDelegate.swift */,
				318165DC22004A8800FC79D9 /* Main.storyboard */,
				318165DF22004A8A00FC79D9 /* Assets.xcassets */,
				318165E122004A8A00FC79D9 /* LaunchScreen.storyboard */,
				318165E422004A8A00FC79D9 /* Info.plist */,
			);
			path = RestDemo;
			sourceTree = "<group>";
		};
		318165EA22004D7F00FC79D9 /* model */ = {
			isa = PBXGroup;
			children = (
				318165EB22004DB700FC79D9 /* UserPost.swift */,
				318165ED22004F0D00FC79D9 /* PostParser.swift */,
			);
			path = model;
			sourceTree = "<group>";
		};
		318165F022007A9700FC79D9 /* controllers */ = {
			isa = PBXGroup;
			children = (
				318165DA22004A8800FC79D9 /* ViewController.swift */,
				318165F122007ACA00FC79D9 /* DetailViewController.swift */,
			);
			path = controllers;
			sourceTree = "<group>";
		};
/* End PBXGroup section */

/* Begin PBXNativeTarget section */
		318165D422004A8800FC79D9 /* RestDemo */ = {
			isa = PBXNativeTarget;
			buildConfigurationList = 318165E722004A8A00FC79D9 /* Build configuration list for PBXNativeTarget "RestDemo" */;
			buildPhases = (
				318165D122004A8800FC79D9 /* Sources */,
				318165D222004A8800FC79D9 /* Frameworks */,
				318165D322004A8800FC79D9 /* Resources */,
			);
			buildRules = (
			);
			dependencies = (
			);
			name = RestDemo;
			productName = RestDemo;
			productReference = 318165D522004A8800FC79D9 /* RestDemo.app */;
			productType = "com.apple.product-type.application";
		};
/* End PBXNativeTarget section */

/* Begin PBXProject section */
		318165CD22004A8800FC79D9 /* Project object */ = {
			isa = PBXProject;
			attributes = {
				LastSwiftUpdateCheck = 1010;
				LastUpgradeCheck = 1010;
				ORGANIZATIONNAME = Ehb;
				TargetAttributes = {
					318165D422004A8800FC79D9 = {
						CreatedOnToolsVersion = 10.1;
					};
				};
			};
			buildConfigurationList = 318165D022004A8800FC79D9 /* Build configuration list for PBXProject "RestDemo" */;
			compatibilityVersion = "Xcode 9.3";
			developmentRegion = en;
			hasScannedForEncodings = 0;
			knownRegions = (
				en,
				Base,
			);
			mainGroup = 318165CC22004A8800FC79D9;
			productRefGroup = 318165D622004A8800FC79D9 /* Products */;
			projectDirPath = "";
			projectRoot = "";
			targets = (
				318165D422004A8800FC79D9 /* RestDemo */,
			);
		};
/* End PBXProject section */

/* Begin PBXResourcesBuildPhase section */
		318165D322004A8800FC79D9 /* Resources */ = {
			isa = PBXResourcesBuildPhase;
			buildActionMask = 2147483647;
			files = (
				318165E322004A8A00FC79D9 /* LaunchScreen.storyboard in Resources */,
				318165E022004A8A00FC79D9 /* Assets.xcassets in Resources */,
				318165DE22004A8800FC79D9 /* Main.storyboard in Resources */,
			);
			runOnlyForDeploymentPostprocessing = 0;
		};
/* End PBXResourcesBuildPhase section */

/* Begin PBXSourcesBuildPhase section */
		318165D122004A8800FC79D9 /* Sources */ = {
			isa = PBXSourcesBuildPhase;
			buildActionMask = 2147483647;
			files = (
				318165DB22004A8800FC79D9 /* ViewController.swift in Sources */,
				318165D922004A8800FC79D9 /* AppDelegate.swift in Sources */,
				318165F222007ACA00FC79D9 /* DetailViewController.swift in Sources */,
				318165EE22004F0D00FC79D9 /* PostParser.swift in Sources */,
				318165EC22004DB700FC79D9 /* UserPost.swift in Sources */,
			);
			runOnlyForDeploymentPostprocessing = 0;
		};
/* End PBXSourcesBuildPhase section */

/* Begin PBXVariantGroup section */
		318165DC22004A8800FC79D9 /* Main.storyboard */ = {
			isa = PBXVariantGroup;
			children = (
				318165DD22004A8800FC79D9 /* Base */,
			);
			name = Main.storyboard;
			sourceTree = "<group>";
		};
		318165E122004A8A00FC79D9 /* LaunchScreen.storyboard */ = {
			isa = PBXVariantGroup;
			children = (
				318165E222004A8A00FC79D9 /* Base */,
			);
			name = LaunchScreen.storyboard;
			sourceTree = "<group>";
		};
/* End PBXVariantGroup section */

/* Begin XCBuildConfiguration section */
		318165E522004A8A00FC79D9 /* Debug */ = {
			isa = XCBuildConfiguration;
			buildSettings = {
				ALWAYS_SEARCH_USER_PATHS = NO;
				CLANG_ANALYZER_NONNULL = YES;
				CLANG_ANALYZER_NUMBER_OBJECT_CONVERSION = YES_AGGRESSIVE;
				CLANG_CXX_LANGUAGE_STANDARD = "gnu++14";
				CLANG_CXX_LIBRARY = "libc++";
				CLANG_ENABLE_MODULES = YES;
				CLANG_ENABLE_OBJC_ARC = YES;
				CLANG_ENABLE_OBJC_WEAK = YES;
				CLANG_WARN_BLOCK_CAPTURE_AUTORELEASING = YES;
				CLANG_WARN_BOOL_CONVERSION = YES;
				CLANG_WARN_COMMA = YES;
				CLANG_WARN_CONSTANT_CONVERSION = YES;
				CLANG_WARN_DEPRECATED_OBJC_IMPLEMENTATIONS = YES;
				CLANG_WARN_DIRECT_OBJC_ISA_USAGE = YES_ERROR;
				CLANG_WARN_DOCUMENTATION_COMMENTS = YES;
				CLANG_WARN_EMPTY_BODY = YES;
				CLANG_WARN_ENUM_CONVERSION = YES;
				CLANG_WARN_INFINITE_RECURSION = YES;
				CLANG_WARN_INT_CONVERSION = YES;
				CLANG_WARN_NON_LITERAL_NULL_CONVERSION = YES;
				CLANG_WARN_OBJC_IMPLICIT_RETAIN_SELF = YES;
				CLANG_WARN_OBJC_LITERAL_CONVERSION = YES;
				CLANG_WARN_OBJC_ROOT_CLASS = YES_ERROR;
				CLANG_WARN_RANGE_LOOP_ANALYSIS = YES;
				CLANG_WARN_STRICT_PROTOTYPES = YES;
				CLANG_WARN_SUSPICIOUS_MOVE = YES;
				CLANG_WARN_UNGUARDED_AVAILABILITY = YES_AGGRESSIVE;
				CLANG_WARN_UNREACHABLE_CODE = YES;
				CLANG_WARN__DUPLICATE_METHOD_MATCH = YES;
				CODE_SIGN_IDENTITY = "iPhone Developer";
				COPY_PHASE_STRIP = NO;
				DEBUG_INFORMATION_FORMAT = dwarf;
				ENABLE_STRICT_OBJC_MSGSEND = YES;
				ENABLE_TESTABILITY = YES;
				GCC_C_LANGUAGE_STANDARD = gnu11;
				GCC_DYNAMIC_NO_PIC = NO;
				GCC_NO_COMMON_BLOCKS = YES;
				GCC_OPTIMIZATION_LEVEL = 0;
				GCC_PREPROCESSOR_DEFINITIONS = (
					"DEBUG=1",
					"$(inherited)",
				);
				GCC_WARN_64_TO_32_BIT_CONVERSION = YES;
				GCC_WARN_ABOUT_RETURN_TYPE = YES_ERROR;
				GCC_WARN_UNDECLARED_SELECTOR = YES;
				GCC_WARN_UNINITIALIZED_AUTOS = YES_AGGRESSIVE;
				GCC_WARN_UNUSED_FUNCTION = YES;
				GCC_WARN_UNUSED_VARIABLE = YES;
				IPHONEOS_DEPLOYMENT_TARGET = 12.1;
				MTL_ENABLE_DEBUG_INFO = INCLUDE_SOURCE;
				MTL_FAST_MATH = YES;
				ONLY_ACTIVE_ARCH = YES;
				SDKROOT = iphoneos;
				SWIFT_ACTIVE_COMPILATION_CONDITIONS = DEBUG;
				SWIFT_OPTIMIZATION_LEVEL = "-Onone";
			};
			name = Debug;
		};
		318165E622004A8A00FC79D9 /* Release */ = {
			isa = XCBuildConfiguration;
			buildSettings = {
				ALWAYS_SEARCH_USER_PATHS = NO;
				CLANG_ANALYZER_NONNULL = YES;
				CLANG_ANALYZER_NUMBER_OBJECT_CONVERSION = YES_AGGRESSIVE;
				CLANG_CXX_LANGUAGE_STANDARD = "gnu++14";
				CLANG_CXX_LIBRARY = "libc++";
				CLANG_ENABLE_MODULES = YES;
				CLANG_ENABLE_OBJC_ARC = YES;
				CLANG_ENABLE_OBJC_WEAK = YES;
				CLANG_WARN_BLOCK_CAPTURE_AUTORELEASING = YES;
				CLANG_WARN_BOOL_CONVERSION = YES;
				CLANG_WARN_COMMA = YES;
				CLANG_WARN_CONSTANT_CONVERSION = YES;
				CLANG_WARN_DEPRECATED_OBJC_IMPLEMENTATIONS = YES;
				CLANG_WARN_DIRECT_OBJC_ISA_USAGE = YES_ERROR;
				CLANG_WARN_DOCUMENTATION_COMMENTS = YES;
				CLANG_WARN_EMPTY_BODY = YES;
				CLANG_WARN_ENUM_CONVERSION = YES;
				CLANG_WARN_INFINITE_RECURSION = YES;
				CLANG_WARN_INT_CONVERSION = YES;
				CLANG_WARN_NON_LITERAL_NULL_CONVERSION = YES;
				CLANG_WARN_OBJC_IMPLICIT_RETAIN_SELF = YES;
				CLANG_WARN_OBJC_LITERAL_CONVERSION = YES;
				CLANG_WARN_OBJC_ROOT_CLASS = YES_ERROR;
				CLANG_WARN_RANGE_LOOP_ANALYSIS = YES;
				CLANG_WARN_STRICT_PROTOTYPES = YES;
				CLANG_WARN_SUSPICIOUS_MOVE = YES;
				CLANG_WARN_UNGUARDED_AVAILABILITY = YES_AGGRESSIVE;
				CLANG_WARN_UNREACHABLE_CODE = YES;
				CLANG_WARN__DUPLICATE_METHOD_MATCH = YES;
				CODE_SIGN_IDENTITY = "iPhone Developer";
				COPY_PHASE_STRIP = NO;
				DEBUG_INFORMATION_FORMAT = "dwarf-with-dsym";
				ENABLE_NS_ASSERTIONS = NO;
				ENABLE_STRICT_OBJC_MSGSEND = YES;
				GCC_C_LANGUAGE_STANDARD = gnu11;
				GCC_NO_COMMON_BLOCKS = YES;
				GCC_WARN_64_TO_32_BIT_CONVERSION = YES;
				GCC_WARN_ABOUT_RETURN_TYPE = YES_ERROR;
				GCC_WARN_UNDECLARED_SELECTOR = YES;
				GCC_WARN_UNINITIALIZED_AUTOS = YES_AGGRESSIVE;
				GCC_WARN_UNUSED_FUNCTION = YES;
				GCC_WARN_UNUSED_VARIABLE = YES;
				IPHONEOS_DEPLOYMENT_TARGET = 12.1;
				MTL_ENABLE_DEBUG_INFO = NO;
				MTL_FAST_MATH = YES;
				SDKROOT = iphoneos;
				SWIFT_COMPILATION_MODE = wholemodule;
				SWIFT_OPTIMIZATION_LEVEL = "-O";
				VALIDATE_PRODUCT = YES;
			};
			name = Release;
		};
		318165E822004A8A00FC79D9 /* Debug */ = {
			isa = XCBuildConfiguration;
			buildSettings = {
				ASSETCATALOG_COMPILER_APPICON_NAME = AppIcon;
				CODE_SIGN_STYLE = Automatic;
				INFOPLIST_FILE = RestDemo/Info.plist;
				LD_RUNPATH_SEARCH_PATHS = (
					"$(inherited)",
					"@executable_path/Frameworks",
				);
				PRODUCT_BUNDLE_IDENTIFIER = be.ehb.RestDemo;
				PRODUCT_NAME = "$(TARGET_NAME)";
				SWIFT_VERSION = 4.2;
				TARGETED_DEVICE_FAMILY = 1;
			};
			name = Debug;
		};
		318165E922004A8A00FC79D9 /* Release */ = {
			isa = XCBuildConfiguration;
			buildSettings = {
				ASSETCATALOG_COMPILER_APPICON_NAME = AppIcon;
				CODE_SIGN_STYLE = Automatic;
				INFOPLIST_FILE = RestDemo/Info.plist;
				LD_RUNPATH_SEARCH_PATHS = (
					"$(inherited)",
					"@executable_path/Frameworks",
				);
				PRODUCT_BUNDLE_IDENTIFIER = be.ehb.RestDemo;
				PRODUCT_NAME = "$(TARGET_NAME)";
				SWIFT_VERSION = 4.2;
				TARGETED_DEVICE_FAMILY = 1;
			};
			name = Release;
		};
/* End XCBuildConfiguration section */

/* Begin XCConfigurationList section */
		318165D022004A8800FC79D9 /* Build configuration list for PBXProject "RestDemo" */ = {
			isa = XCConfigurationList;
			buildConfigurations = (
				318165E522004A8A00FC79D9 /* Debug */,
				318165E622004A8A00FC79D9 /* Release */,
			);
			defaultConfigurationIsVisible = 0;
			defaultConfigurationName = Release;
		};
		318165E722004A8A00FC79D9 /* Build configuration list for PBXNativeTarget "RestDemo" */ = {
			isa = XCConfigurationList;
			buildConfigurations = (
				318165E822004A8A00FC79D9 /* Debug */,
				318165E922004A8A00FC79D9 /* Release */,
			);
			defaultConfigurationIsVisible = 0;
			defaultConfigurationName = Release;
		};
/* End XCConfigurationList section */
	};
	rootObject = 318165CD22004A8800FC79D9 /* Project object */;
}
